github.com/google/gousb v0.0.0-20181222214327-04360a545728 h1:qoYJQTk654c51y3urKF+1l8nZF4LMKru2lu8wvQP0AM=
github.com/google/gousb v0.0.0-20181222214327-04360a545728/go.mod h1:Tl4HdAs1ThE3gECkNwz+1MWicX6FXddhJEw7L8jRDiI=
github.com/pkg/errors v0.8.1 h1:iURUrRGxPUNPdy5/HRSm+Yj6okJ6UtLINN0Q9M4+h3I=
github.com/pkg/errors v0.8.1/go.mod h1:bwawxfHBFNV+L2hUp1rHADufV3IMtnDRdf1r5NINEl0=
